
Microsoft Visual Studio Solution File, Format Version 12.00
# Visual Studio Version 17
VisualStudioVersion = 17.7.34031.279
MinimumVisualStudioVersion = 10.0.40219.1
Project("{888888A0-9F3D-457C-B088-3A5042F75D52}") = "Code Sprint 3", "Code Sprint 3.pyproj", "{19EEFF86-6DFD-44A4-993F-B383E5BB735B}"
EndProject
Global
	GlobalSection(SolutionConfigurationPlatforms) = preSolution
		Debug|Any CPU = Debug|Any CPU
		Release|Any CPU = Release|Any CPU
	EndGlobalSection
	GlobalSection(ProjectConfigurationPlatforms) = postSolution
		{19EEFF86-6DFD-44A4-993F-B383E5BB735B}.Debug|Any CPU.ActiveCfg = Debug|Any CPU
		{19EEFF86-6DFD-44A4-993F-B383E5BB735B}.Release|Any CPU.ActiveCfg = Release|Any CPU
	EndGlobalSection
	GlobalSection(SolutionProperties) = preSolution
		HideSolutionNode = FALSE
	EndGlobalSection
	GlobalSection(ExtensibilityGlobals) = postSolution
		SolutionGuid = {1B99DE23-B3F6-4EED-BC92-0508636B104A}
	EndGlobalSection
EndGlobal
